{
  "version": "5",
  "specifiers": {
    "npm:rivetkit@^2.1.6": "2.1.6_hono@4.12.5_zod@4.3.6"
  },
  "npm": {
    "@asteasolutions/zod-to-openapi@8.4.3_zod@4.3.6": {
      "integrity": "sha512-lwfMTN7kDbFDwMniYZUebiGGHxVGBw9ZSI4IBYjm6Ey22Kd5z/fsQb2k+Okr8WMbCCC553vi/ZM9utl5/XcvuQ==",
      "dependencies": [
        "openapi3-ts",
        "zod"
      ]
    },
    "@cbor-extract/cbor-extract-darwin-arm64@2.2.0": {
      "integrity": "sha512-P7swiOAdF7aSi0H+tHtHtr6zrpF3aAq/W9FXx5HektRvLTM2O89xCyXF3pk7pLc7QpaY7AoaE8UowVf9QBdh3w==",
      "os": ["darwin"],
      "cpu": ["arm64"]
    },
    "@cbor-extract/cbor-extract-darwin-x64@2.2.0": {
      "integrity": "sha512-1liF6fgowph0JxBbYnAS7ZlqNYLf000Qnj4KjqPNW4GViKrEql2MgZnAsExhY9LSy8dnvA4C0qHEBgPrll0z0w==",
      "os": ["darwin"],
      "cpu": ["x64"]
    },
    "@cbor-extract/cbor-extract-linux-arm64@2.2.0": {
      "integrity": "sha512-rQvhNmDuhjTVXSPFLolmQ47/ydGOFXtbR7+wgkSY0bdOxCFept1hvg59uiLPT2fVDuJFuEy16EImo5tE2x3RsQ==",
      "os": ["linux"],
      "cpu": ["arm64"]
    },
    "@cbor-extract/cbor-extract-linux-arm@2.2.0": {
      "integrity": "sha512-QeBcBXk964zOytiedMPQNZr7sg0TNavZeuUCD6ON4vEOU/25+pLhNN6EDIKJ9VLTKaZ7K7EaAriyYQ1NQ05s/Q==",
      "os": ["linux"],
      "cpu": ["arm"]
    },
    "@cbor-extract/cbor-extract-linux-x64@2.2.0": {
      "integrity": "sha512-cWLAWtT3kNLHSvP4RKDzSTX9o0wvQEEAj4SKvhWuOVZxiDAeQazr9A+PSiRILK1VYMLeDml89ohxCnUNQNQNCw==",
      "os": ["linux"],
      "cpu": ["x64"]
    },
    "@cbor-extract/cbor-extract-win32-x64@2.2.0": {
      "integrity": "sha512-l2M+Z8DO2vbvADOBNLbbh9y5ST1RY5sqkWOg/58GkUPBYou/cuNZ68SGQ644f1CvZ8kcOxyZtw06+dxWHIoN/w==",
      "os": ["win32"],
      "cpu": ["x64"]
    },
    "@hono/standard-validator@0.1.5_@standard-schema+spec@1.0.0_hono@4.12.5": {
      "integrity": "sha512-EIyZPPwkyLn6XKwFj5NBEWHXhXbgmnVh2ceIFo5GO7gKI9WmzTjPDKnppQB0KrqKeAkq3kpoW4SIbu5X1dgx3w==",
      "dependencies": [
        "@standard-schema/spec",
        "hono"
      ]
    },
    "@hono/zod-openapi@1.2.2_hono@4.12.5_zod@4.3.6": {
      "integrity": "sha512-va6vsL23wCJ1d0Vd+vGL1XOt+wPwItxirYafuhlW9iC2MstYr2FvsI7mctb45eBTjZfkqB/3LYDJEppPjOEiHw==",
      "dependencies": [
        "@asteasolutions/zod-to-openapi",
        "@hono/zod-validator",
        "hono",
        "openapi3-ts",
        "zod"
      ]
    },
    "@hono/zod-validator@0.7.6_hono@4.12.5_zod@4.3.6": {
      "integrity": "sha512-Io1B6d011Gj1KknV4rXYz4le5+5EubcWEU/speUjuw9XMMIaP3n78yXLhjd2A3PXaXaUwEAluOiAyLqhBEJgsw==",
      "dependencies": [
        "hono",
        "zod"
      ]
    },
    "@isaacs/fs-minipass@4.0.1": {
      "integrity": "sha512-wgm9Ehl2jpeqP3zw/7mo3kRHFp5MEDhqAdwy1fTGkHAwnkGOVsgpvQhL8B5n1qlb01jV3n/bI0ZfZp5lWA1k4w==",
      "dependencies": [
        "minipass"
      ]
    },
    "@pinojs/redact@0.4.0": {
      "integrity": "sha512-k2ENnmBugE/rzQfEcdWHcCY+/FM3VLzH9cYEsbdsoqrvzAKRhUZeRNhAZvB8OitQJ1TBed3yqWtdjzS6wJKBwg=="
    },
    "@rivetkit/bare-ts@0.6.2": {
      "integrity": "sha512-3qndQUQXLdwafMEqfhz24hUtDPcsf1Bu3q52Kb8MqeH8JUh3h6R4HYW3ZJXiQsLcyYyFM68PuIwlLRlg1xDEpg=="
    },
    "@rivetkit/engine-runner-protocol@2.1.6": {
      "integrity": "sha512-QwaWvAJN2KGae+UHKZbLiEWaWj9ycmwtrRtUq728CU+lidkaGv5yHxXb4gkXSD7rhGQcR98+XWZLb0F0BM/vAg==",
      "dependencies": [
        "@rivetkit/bare-ts"
      ]
    },
    "@rivetkit/engine-runner@2.1.6": {
      "integrity": "sha512-WpiEmi/SxAVED0N/M0kvPZwq/MxMuuz/Y89ut1sTP7syPzpCauGxafOdqkTqiX1ef+N1ZlrtX+v/LwDF/jIgFw==",
      "dependencies": [
        "@rivetkit/engine-runner-protocol",
        "@rivetkit/virtual-websocket",
        "pino",
        "uuid",
        "ws"
      ]
    },
    "@rivetkit/fast-json-patch@3.1.2": {
      "integrity": "sha512-CtA50xgsSSzICQduF/NDShPRzvucnNvsW/lQO0WgMTT1XAj9Lfae4pm7r3llFwilgG+9iq76Hv1LUqNy72v6yw=="
    },
    "@rivetkit/on-change@6.0.2-rc.1": {
      "integrity": "sha512-5RC9Ze/wTKqSlJvopdCgr+EfyV93+iiH8Thog0QXrl8PT1unuBNw/jadXNMtwgAxrIaCJL+JLaHQH9w7rqpMDw=="
    },
    "@rivetkit/sqlite-vfs@2.1.6": {
      "integrity": "sha512-jbCrigzqoygZTYdZu7izaQjr77Q4BFX1HwhW4Mf0UFIaKT72AteH/w4PcktzrKcw4Utmo0zX0C6zNBRKo0IpOA==",
      "dependencies": [
        "@rivetkit/bare-ts",
        "@rivetkit/sqlite",
        "vbare"
      ]
    },
    "@rivetkit/sqlite@0.1.1": {
      "integrity": "sha512-NE7ZBy/hQhOrWzMZFjkHX9SoXxf+ILcDvVV+mNbUYPgiy/fsDzlXdK0+JDTGnko5f4Xl6/KVCoCozz9gkwkq8A=="
    },
    "@rivetkit/traces@2.1.6": {
      "integrity": "sha512-wuuGWoWWdUPbqs5u+31YodSUOsYMydaa+/cxZ7I5KaUe26fK0i1E+0ytqC1JGQm6utWeuYp8cLUX3WSEfVKJhQ==",
      "dependencies": [
        "@rivetkit/bare-ts",
        "cbor-x",
        "fdb-tuple",
        "vbare"
      ]
    },
    "@rivetkit/virtual-websocket@2.0.33": {
      "integrity": "sha512-sMoHZgBy9WDW76pv+ML3LPgf7TWk5vXdu3ZpPO20j6n+rB3fLacnnmzjt5xD6tZcJ/x5qINyEywGgcxA7MTMuQ=="
    },
    "@rivetkit/workflow-engine@2.1.6": {
      "integrity": "sha512-eLVFBbhOlBQKzO5lu032tOo0OEAFFp7uNcGwvB1mBFmYsm7aKBgnJl214IV39a6fRtCL2meVxiMU1GKb006zYw==",
      "dependencies": [
        "@rivetkit/bare-ts",
        "cbor-x",
        "fdb-tuple",
        "pino",
        "vbare"
      ]
    },
    "@standard-schema/spec@1.0.0": {
      "integrity": "sha512-m2bOd0f2RT9k8QJx1JN85cZYyH1RqFBdlwtkSlf4tBDYLCiiZnv1fIIwacK6cqwXavOydf0NPToMQgpKq+dVlA=="
    },
    "@types/retry@0.12.2": {
      "integrity": "sha512-XISRgDJ2Tc5q4TRqvgJtzsRkFYNJzZrhTdtMoGVBttwzzQJkPnS3WWTFc7kuDRoPtPakl+T+OfdEUjYJj7Jbow=="
    },
    "atomic-sleep@1.0.0": {
      "integrity": "sha512-kNOjDqAh7px0XWNI+4QbzoiR/nTkHAWNud2uvnJquD1/x5a7EQZMJT0AczqK0Qn67oY/TTQ1LbUKajZpp3I9tQ=="
    },
    "cbor-extract@2.2.0": {
      "integrity": "sha512-Ig1zM66BjLfTXpNgKpvBePq271BPOvu8MR0Jl080yG7Jsl+wAZunfrwiwA+9ruzm/WEdIV5QF/bjDZTqyAIVHA==",
      "dependencies": [
        "node-gyp-build-optional-packages"
      ],
      "optionalDependencies": [
        "@cbor-extract/cbor-extract-darwin-arm64",
        "@cbor-extract/cbor-extract-darwin-x64",
        "@cbor-extract/cbor-extract-linux-arm",
        "@cbor-extract/cbor-extract-linux-arm64",
        "@cbor-extract/cbor-extract-linux-x64",
        "@cbor-extract/cbor-extract-win32-x64"
      ],
      "scripts": true,
      "bin": true
    },
    "cbor-x@1.6.0": {
      "integrity": "sha512-0kareyRwHSkL6ws5VXHEf8uY1liitysCVJjlmhaLG+IXLqhSaOO+t63coaso7yjwEzWZzLy8fJo06gZDVQM9Qg==",
      "optionalDependencies": [
        "cbor-extract"
      ]
    },
    "chownr@3.0.0": {
      "integrity": "sha512-+IxzY9BZOQd/XuYPRmrvEVjF/nqj5kgT4kEq7VofrDoM1MxoRjEWkrCC3EtLi59TVawxTAn+orJwFQcrqEN1+g=="
    },
    "detect-libc@2.1.2": {
      "integrity": "sha512-Btj2BOOO83o3WyH59e8MgXsxEQVcarkUOpEYrubB0urwnN10yQ364rsiByU11nZlqWYZm05i/of7io4mzihBtQ=="
    },
    "fdb-tuple@1.0.0": {
      "integrity": "sha512-8jSvKPCYCgTpi9Pt87qlfTk6griyMx4Gk3Xv31Dp72Qp8b6XgIyFsMm8KzPmFJ9iJ8K4pGvRxvOS8D0XGnrkjw=="
    },
    "get-port@7.1.0": {
      "integrity": "sha512-QB9NKEeDg3xxVwCCwJQ9+xycaz6pBB6iQ76wiWMl1927n0Kir6alPiP+yuiICLLU4jpMe08dXfpebuQppFA2zw=="
    },
    "hono@4.12.5": {
      "integrity": "sha512-3qq+FUBtlTHhtYxbxheZgY8NIFnkkC/MR8u5TTsr7YZ3wixryQ3cCwn3iZbg8p8B88iDBBAYSfZDS75t8MN7Vg=="
    },
    "invariant@2.2.4": {
      "integrity": "sha512-phJfQVBuaJM5raOpJjSfkiD6BpbCE4Ns//LaXl6wGYtUBY83nWS6Rf9tXm2e8VaK60JEjYldbPif/A2B1C2gNA==",
      "dependencies": [
        "loose-envify"
      ]
    },
    "is-network-error@1.3.1": {
      "integrity": "sha512-6QCxa49rQbmUWLfk0nuGqzql9U8uaV2H6279bRErPBHe/109hCzsLUBUHfbEtvLIHBd6hyXbgedBSHevm43Edw=="
    },
    "js-tokens@4.0.0": {
      "integrity": "sha512-RdJUflcE3cUzKiMqQgsCu06FPu9UdIJO0beYbPhHN4k6apgJtifcoCtT9bcxOpYBtpD2kCM6Sbzg4CausW/PKQ=="
    },
    "loose-envify@1.4.0": {
      "integrity": "sha512-lyuxPGr/Wfhrlem2CL/UcnUc1zcqKAImBDzukY7Y5F/yQiNdko6+fRLevlw1HgMySw7f611UIY408EtxRSoK3Q==",
      "dependencies": [
        "js-tokens"
      ],
      "bin": true
    },
    "minipass@7.1.3": {
      "integrity": "sha512-tEBHqDnIoM/1rXME1zgka9g6Q2lcoCkxHLuc7ODJ5BxbP5d4c2Z5cGgtXAku59200Cx7diuHTOYfSBD8n6mm8A=="
    },
    "minizlib@3.1.0": {
      "integrity": "sha512-KZxYo1BUkWD2TVFLr0MQoM8vUUigWD3LlD83a/75BqC+4qE0Hb1Vo5v1FgcfaNXvfXzr+5EhQ6ing/CaBijTlw==",
      "dependencies": [
        "minipass"
      ]
    },
    "nanoevents@9.1.0": {
      "integrity": "sha512-Jd0fILWG44a9luj8v5kED4WI+zfkkgwKyRQKItTtlPfEsh7Lznfi1kr8/iZ+XAIss4Qq5GqRB0qtWbaz9ceO/A=="
    },
    "node-gyp-build-optional-packages@5.1.1": {
      "integrity": "sha512-+P72GAjVAbTxjjwUmwjVrqrdZROD4nf8KgpBoDxqXXTiYZZt/ud60dE5yvCSr9lRO8e8yv6kgJIC0K0PfZFVQw==",
      "dependencies": [
        "detect-libc"
      ],
      "bin": true
    },
    "on-exit-leak-free@2.1.2": {
      "integrity": "sha512-0eJJY6hXLGf1udHwfNftBqH+g73EU4B504nZeKpz1sYRKafAghwxEJunB2O7rDZkL4PGfsMVnTXZ2EjibbqcsA=="
    },
    "openapi3-ts@4.5.0": {
      "integrity": "sha512-jaL+HgTq2Gj5jRcfdutgRGLosCy/hT8sQf6VOy+P+g36cZOjI1iukdPnijC+4CmeRzg/jEllJUboEic2FhxhtQ==",
      "dependencies": [
        "yaml"
      ]
    },
    "p-retry@6.2.1": {
      "integrity": "sha512-hEt02O4hUct5wtwg4H4KcWgDdm+l1bOaEy/hWzd8xtXB9BqxTWBBhb+2ImAtH4Cv4rPjV76xN3Zumqk3k3AhhQ==",
      "dependencies": [
        "@types/retry",
        "is-network-error",
        "retry"
      ]
    },
    "pino-abstract-transport@2.0.0": {
      "integrity": "sha512-F63x5tizV6WCh4R6RHyi2Ml+M70DNRXt/+HANowMflpgGFMAym/VKm6G7ZOQRjqN7XbGxK1Lg9t6ZrtzOaivMw==",
      "dependencies": [
        "split2"
      ]
    },
    "pino-std-serializers@7.1.0": {
      "integrity": "sha512-BndPH67/JxGExRgiX1dX0w1FvZck5Wa4aal9198SrRhZjH3GxKQUKIBnYJTdj2HDN3UQAS06HlfcSbQj2OHmaw=="
    },
    "pino@9.14.0": {
      "integrity": "sha512-8OEwKp5juEvb/MjpIc4hjqfgCNysrS94RIOMXYvpYCdm/jglrKEiAYmiumbmGhCvs+IcInsphYDFwqrjr7398w==",
      "dependencies": [
        "@pinojs/redact",
        "atomic-sleep",
        "on-exit-leak-free",
        "pino-abstract-transport",
        "pino-std-serializers",
        "process-warning",
        "quick-format-unescaped",
        "real-require",
        "safe-stable-stringify",
        "sonic-boom",
        "thread-stream"
      ],
      "bin": true
    },
    "process-warning@5.0.0": {
      "integrity": "sha512-a39t9ApHNx2L4+HBnQKqxxHNs1r7KF+Intd8Q/g1bUh6q0WIp9voPXJ/x0j+ZL45KF1pJd9+q2jLIRMfvEshkA=="
    },
    "quick-format-unescaped@4.0.4": {
      "integrity": "sha512-tYC1Q1hgyRuHgloV/YXs2w15unPVh8qfu/qCTfhTYamaw7fyhumKa2yGpdSo87vY32rIclj+4fWYQXUMs9EHvg=="
    },
    "real-require@0.2.0": {
      "integrity": "sha512-57frrGM/OCTLqLOAh0mhVA9VBMHd+9U7Zb2THMGdBUoZVOtGbJzjxsYGDJ3A9AYYCP4hn6y1TVbaOfzWtm5GFg=="
    },
    "retry@0.13.1": {
      "integrity": "sha512-XQBQ3I8W1Cge0Seh+6gjj03LbmRFWuoszgK9ooCpwYIrhhoO80pfq4cUkU5DkknwfOfFteRwlZ56PYOGYyFWdg=="
    },
    "rivetkit@2.1.6_hono@4.12.5_zod@4.3.6": {
      "integrity": "sha512-AFe06CTZoAYWwCltxPp1XNilfOgK53Itvbc/lv0uF+aEwFEAPIZFQPBTrVgt7NGZSuiM2l6/hjMv7yuBZQ71sw==",
      "dependencies": [
        "@hono/standard-validator",
        "@hono/zod-openapi",
        "@rivetkit/bare-ts",
        "@rivetkit/engine-runner",
        "@rivetkit/fast-json-patch",
        "@rivetkit/on-change",
        "@rivetkit/sqlite",
        "@rivetkit/sqlite-vfs",
        "@rivetkit/traces",
        "@rivetkit/virtual-websocket",
        "@rivetkit/workflow-engine",
        "cbor-x",
        "get-port",
        "hono",
        "invariant",
        "nanoevents",
        "p-retry",
        "pino",
        "tar",
        "uuid",
        "vbare",
        "zod"
      ]
    },
    "safe-stable-stringify@2.5.0": {
      "integrity": "sha512-b3rppTKm9T+PsVCBEOUR46GWI7fdOs00VKZ1+9c1EWDaDMvjQc6tUwuFyIprgGgTcWoVHSKrU8H31ZHA2e0RHA=="
    },
    "sonic-boom@4.2.1": {
      "integrity": "sha512-w6AxtubXa2wTXAUsZMMWERrsIRAdrK0Sc+FUytWvYAhBJLyuI4llrMIC1DtlNSdI99EI86KZum2MMq3EAZlF9Q==",
      "dependencies": [
        "atomic-sleep"
      ]
    },
    "split2@4.2.0": {
      "integrity": "sha512-UcjcJOWknrNkF6PLX83qcHM6KHgVKNkV62Y8a5uYDVv9ydGQVwAHMKqHdJje1VTWpljG0WYpCDhrCdAOYH4TWg=="
    },
    "tar@7.5.10": {
      "integrity": "sha512-8mOPs1//5q/rlkNSPcCegA6hiHJYDmSLEI8aMH/CdSQJNWztHC9WHNam5zdQlfpTwB9Xp7IBEsHfV5LKMJGVAw==",
      "dependencies": [
        "@isaacs/fs-minipass",
        "chownr",
        "minipass",
        "minizlib",
        "yallist"
      ]
    },
    "thread-stream@3.1.0": {
      "integrity": "sha512-OqyPZ9u96VohAyMfJykzmivOrY2wfMSf3C5TtFJVgN+Hm6aj+voFhlK+kZEIv2FBh1X6Xp3DlnCOfEQ3B2J86A==",
      "dependencies": [
        "real-require"
      ]
    },
    "uuid@12.0.0": {
      "integrity": "sha512-USe1zesMYh4fjCA8ZH5+X5WIVD0J4V1Jksm1bFTVBX2F/cwSXt0RO5w/3UXbdLKmZX65MiWV+hwhSS8p6oBTGA==",
      "bin": true
    },
    "vbare@0.0.4": {
      "integrity": "sha512-QsxSVw76NqYUWYPVcQmOnQPX8buIVjgn+yqldTHlWISulBTB9TJ9rnzZceDu+GZmycOtzsmuPbPN1YNxvK12fg=="
    },
    "ws@8.19.0": {
      "integrity": "sha512-blAT2mjOEIi0ZzruJfIhb3nps74PRWTCz1IjglWEEpQl5XS/UNama6u2/rjFkDDouqr4L67ry+1aGIALViWjDg=="
    },
    "yallist@5.0.0": {
      "integrity": "sha512-YgvUTfwqyc7UXVMrB+SImsVYSmTS8X/tSrtdNZMImM+n7+QTriRXyXim0mBrTXNeqzVF0KWGgHPeiyViFFrNDw=="
    },
    "yaml@2.8.2": {
      "integrity": "sha512-mplynKqc1C2hTVYxd0PU2xQAc22TI1vShAYGksCCfxbn/dFwnHTNi1bvYsBTkhdUNtGIf5xNOg938rrSSYvS9A==",
      "bin": true
    },
    "zod@4.3.6": {
      "integrity": "sha512-rftlrkhHZOcjDwkGlnUtZZkvaPHCsDATp4pGpuOOMDaTdDDXF91wuVDJoWoPsKX/3YPQ5fHuF3STjcYyKr+Qhg=="
    }
  },
  "workspace": {
    "dependencies": [
      "npm:rivetkit@^2.1.6"
    ]
  }
}
