{
  "version": "5",
  "specifiers": {
    "jsr:@std/assert@^1.0.19": "1.0.19",
    "jsr:@std/internal@^1.0.12": "1.0.12",
    "npm:@atproto-labs/handle-resolver@~0.1.8": "0.1.8",
    "npm:itty-router@^5.0.23": "5.0.23"
  },
  "jsr": {
    "@std/assert@1.0.19": {
      "integrity": "eaada96ee120cb980bc47e040f82814d786fe8162ecc53c91d8df60b8755991e",
      "dependencies": [
        "jsr:@std/internal"
      ]
    },
    "@std/internal@1.0.12": {
      "integrity": "972a634fd5bc34b242024402972cd5143eac68d8dffaca5eaa4dba30ce17b027"
    }
  },
  "npm": {
    "@atproto-labs/handle-resolver@0.1.8": {
      "integrity": "sha512-Y0ckccoCGDo/3g4thPkgp9QcORmc+qqEaCBCYCZYtfLIQp4775u22wd+4fyEyJP4DqoReKacninkICgRGfs3dQ==",
      "dependencies": [
        "@atproto-labs/simple-store",
        "@atproto-labs/simple-store-memory",
        "@atproto/did",
        "zod"
      ]
    },
    "@atproto-labs/simple-store-memory@0.1.3": {
      "integrity": "sha512-jkitT9+AtU+0b28DoN92iURLaCt/q/q4yX8q6V+9LSwYlUTqKoj/5NFKvF7x6EBuG+gpUdlcycbH7e60gjOhRQ==",
      "dependencies": [
        "@atproto-labs/simple-store",
        "lru-cache"
      ]
    },
    "@atproto-labs/simple-store@0.2.0": {
      "integrity": "sha512-0bRbAlI8Ayh03wRwncAMEAyUKtZ+AuTS1jgPrfym1WVOAOiottI/ZmgccqLl6w5MbxVcClNQF7WYGKvGwGoIhA=="
    },
    "@atproto/did@0.1.5": {
      "integrity": "sha512-8+1D08QdGE5TF0bB0vV8HLVrVZJeLNITpRTUVEoABNMRaUS7CoYSVb0+JNQDeJIVmqMjOL8dOjvCUDkp3gEaGQ==",
      "dependencies": [
        "zod"
      ]
    },
    "itty-router@5.0.23": {
      "integrity": "sha512-i49WU+SNPrwOZA4Z61En1RYd5h2Lcqa+5IvCpMrNi4dxymzJK15ozUUnRrWIUAv95Zamd4eJPAot2UvHRrQg7w=="
    },
    "lru-cache@10.4.3": {
      "integrity": "sha512-JNAzZcXrCt42VGLuYz0zfAzDfAvJWW6AfYlDBQyDV5DClI2m5sAmK+OIO7s59XfsRsWHp02jAJrRadPRGTt6SQ=="
    },
    "zod@3.25.76": {
      "integrity": "sha512-gzUt/qt81nXsFGKIFcC3YnfEAx5NkunCfnDlvuBSSFS02bcXu4Lmea0AFIUwbLWxWPx3d9p8S5QoaujKcNQxcQ=="
    }
  },
  "workspace": {
    "dependencies": [
      "jsr:@std/assert@^1.0.19",
      "npm:@atproto-labs/handle-resolver@~0.1.8",
      "npm:itty-router@^5.0.23"
    ]
  }
}
