{
  "version": "5",
  "specifiers": {
    "npm:cojson@~0.14.22": "0.14.22",
    "npm:itty-router@^5.0.18": "5.0.18",
    "npm:jazz-tools@0.15": "0.15.8",
    "npm:undici@^7.11.0": "7.11.0"
  },
  "npm": {
    "@cbor-extract/cbor-extract-darwin-arm64@2.2.0": {
      "integrity": "sha512-P7swiOAdF7aSi0H+tHtHtr6zrpF3aAq/W9FXx5HektRvLTM2O89xCyXF3pk7pLc7QpaY7AoaE8UowVf9QBdh3w==",
      "os": ["darwin"],
      "cpu": ["arm64"]
    },
    "@cbor-extract/cbor-extract-darwin-x64@2.2.0": {
      "integrity": "sha512-1liF6fgowph0JxBbYnAS7ZlqNYLf000Qnj4KjqPNW4GViKrEql2MgZnAsExhY9LSy8dnvA4C0qHEBgPrll0z0w==",
      "os": ["darwin"],
      "cpu": ["x64"]
    },
    "@cbor-extract/cbor-extract-linux-arm64@2.2.0": {
      "integrity": "sha512-rQvhNmDuhjTVXSPFLolmQ47/ydGOFXtbR7+wgkSY0bdOxCFept1hvg59uiLPT2fVDuJFuEy16EImo5tE2x3RsQ==",
      "os": ["linux"],
      "cpu": ["arm64"]
    },
    "@cbor-extract/cbor-extract-linux-arm@2.2.0": {
      "integrity": "sha512-QeBcBXk964zOytiedMPQNZr7sg0TNavZeuUCD6ON4vEOU/25+pLhNN6EDIKJ9VLTKaZ7K7EaAriyYQ1NQ05s/Q==",
      "os": ["linux"],
      "cpu": ["arm"]
    },
    "@cbor-extract/cbor-extract-linux-x64@2.2.0": {
      "integrity": "sha512-cWLAWtT3kNLHSvP4RKDzSTX9o0wvQEEAj4SKvhWuOVZxiDAeQazr9A+PSiRILK1VYMLeDml89ohxCnUNQNQNCw==",
      "os": ["linux"],
      "cpu": ["x64"]
    },
    "@cbor-extract/cbor-extract-win32-x64@2.2.0": {
      "integrity": "sha512-l2M+Z8DO2vbvADOBNLbbh9y5ST1RY5sqkWOg/58GkUPBYou/cuNZ68SGQ644f1CvZ8kcOxyZtw06+dxWHIoN/w==",
      "os": ["win32"],
      "cpu": ["x64"]
    },
    "@manuscripts/prosemirror-recreate-steps@0.1.4": {
      "integrity": "sha512-z3/PGcWB3SbOzhUkiZKAAMeWVz3jR1uacUXuYfJfSE+XgTUCtxB/xnbmx7SpTvtBEtw9EFXomTqjoG6DGlC2nQ==",
      "dependencies": [
        "@types/prosemirror-model",
        "@types/prosemirror-schema-basic",
        "@types/prosemirror-schema-list",
        "@types/prosemirror-state",
        "@types/prosemirror-transform",
        "diff",
        "prosemirror-changeset@1.2.1",
        "prosemirror-example-setup",
        "prosemirror-model",
        "prosemirror-schema-basic",
        "prosemirror-schema-list",
        "prosemirror-state",
        "prosemirror-transform",
        "prosemirror-view",
        "rfc6902"
      ]
    },
    "@noble/ciphers@1.3.0": {
      "integrity": "sha512-2I0gnIVPtfnMw9ee9h1dJG7tp81+8Ob3OJb3Mv37rx5L40/b0i7djjCVvGOVqc9AEIQyvyu1i6ypKdFw8R8gQw=="
    },
    "@noble/curves@1.9.2": {
      "integrity": "sha512-HxngEd2XUcg9xi20JkwlLCtYwfoFw4JGkuZpT+WlsPD4gB/cxkvTD8fSsoAnphGZhFdZYKeQIPCuFlWPm1uE0g==",
      "dependencies": [
        "@noble/hashes"
      ]
    },
    "@noble/hashes@1.8.0": {
      "integrity": "sha512-jCs9ldd7NwzpgXDIf6P3+NrHh9/sD6CQdxHyjQI+h/6rDNo88ypBxxz45UDuZHz9r3tNz7N/VInSVoVdtXEI4A=="
    },
    "@opentelemetry/api@1.9.0": {
      "integrity": "sha512-3giAOQvZiH5F9bMlMiv8+GSPMeqg0dbaeo58/0SlA9sxSqZhnUtxzX9/2FzyhS9sWQf5S0GJE0AKBrFqjpeYcg=="
    },
    "@parcel/watcher-android-arm64@2.5.1": {
      "integrity": "sha512-KF8+j9nNbUN8vzOFDpRMsaKBHZ/mcjEjMToVMJOhTozkDonQFFrRcfdLWn6yWKCmJKmdVxSgHiYvTCef4/qcBA==",
      "os": ["android"],
      "cpu": ["arm64"]
    },
    "@parcel/watcher-darwin-arm64@2.5.1": {
      "integrity": "sha512-eAzPv5osDmZyBhou8PoF4i6RQXAfeKL9tjb3QzYuccXFMQU0ruIc/POh30ePnaOyD1UXdlKguHBmsTs53tVoPw==",
      "os": ["darwin"],
      "cpu": ["arm64"]
    },
    "@parcel/watcher-darwin-x64@2.5.1": {
      "integrity": "sha512-1ZXDthrnNmwv10A0/3AJNZ9JGlzrF82i3gNQcWOzd7nJ8aj+ILyW1MTxVk35Db0u91oD5Nlk9MBiujMlwmeXZg==",
      "os": ["darwin"],
      "cpu": ["x64"]
    },
    "@parcel/watcher-freebsd-x64@2.5.1": {
      "integrity": "sha512-SI4eljM7Flp9yPuKi8W0ird8TI/JK6CSxju3NojVI6BjHsTyK7zxA9urjVjEKJ5MBYC+bLmMcbAWlZ+rFkLpJQ==",
      "os": ["freebsd"],
      "cpu": ["x64"]
    },
    "@parcel/watcher-linux-arm-glibc@2.5.1": {
      "integrity": "sha512-RCdZlEyTs8geyBkkcnPWvtXLY44BCeZKmGYRtSgtwwnHR4dxfHRG3gR99XdMEdQ7KeiDdasJwwvNSF5jKtDwdA==",
      "os": ["linux"],
      "cpu": ["arm"]
    },
    "@parcel/watcher-linux-arm-musl@2.5.1": {
      "integrity": "sha512-6E+m/Mm1t1yhB8X412stiKFG3XykmgdIOqhjWj+VL8oHkKABfu/gjFj8DvLrYVHSBNC+/u5PeNrujiSQ1zwd1Q==",
      "os": ["linux"],
      "cpu": ["arm"]
    },
    "@parcel/watcher-linux-arm64-glibc@2.5.1": {
      "integrity": "sha512-LrGp+f02yU3BN9A+DGuY3v3bmnFUggAITBGriZHUREfNEzZh/GO06FF5u2kx8x+GBEUYfyTGamol4j3m9ANe8w==",
      "os": ["linux"],
      "cpu": ["arm64"]
    },
    "@parcel/watcher-linux-arm64-musl@2.5.1": {
      "integrity": "sha512-cFOjABi92pMYRXS7AcQv9/M1YuKRw8SZniCDw0ssQb/noPkRzA+HBDkwmyOJYp5wXcsTrhxO0zq1U11cK9jsFg==",
      "os": ["linux"],
      "cpu": ["arm64"]
    },
    "@parcel/watcher-linux-x64-glibc@2.5.1": {
      "integrity": "sha512-GcESn8NZySmfwlTsIur+49yDqSny2IhPeZfXunQi48DMugKeZ7uy1FX83pO0X22sHntJ4Ub+9k34XQCX+oHt2A==",
      "os": ["linux"],
      "cpu": ["x64"]
    },
    "@parcel/watcher-linux-x64-musl@2.5.1": {
      "integrity": "sha512-n0E2EQbatQ3bXhcH2D1XIAANAcTZkQICBPVaxMeaCVBtOpBZpWJuf7LwyWPSBDITb7In8mqQgJ7gH8CILCURXg==",
      "os": ["linux"],
      "cpu": ["x64"]
    },
    "@parcel/watcher-win32-arm64@2.5.1": {
      "integrity": "sha512-RFzklRvmc3PkjKjry3hLF9wD7ppR4AKcWNzH7kXR7GUe0Igb3Nz8fyPwtZCSquGrhU5HhUNDr/mKBqj7tqA2Vw==",
      "os": ["win32"],
      "cpu": ["arm64"]
    },
    "@parcel/watcher-win32-ia32@2.5.1": {
      "integrity": "sha512-c2KkcVN+NJmuA7CGlaGD1qJh1cLfDnQsHjE89E60vUEMlqduHGCdCLJCID5geFVM0dOtA3ZiIO8BoEQmzQVfpQ==",
      "os": ["win32"],
      "cpu": ["ia32"]
    },
    "@parcel/watcher-win32-x64@2.5.1": {
      "integrity": "sha512-9lHBdJITeNR++EvSQVUcaZoWupyHfXe1jZvGZ06O/5MflPcuPLtEphScIBL+AiCWBO46tDSHzWyD0uDmmZqsgA==",
      "os": ["win32"],
      "cpu": ["x64"]
    },
    "@remirror/core-constants@3.0.0": {
      "integrity": "sha512-42aWfPrimMfDKDi4YegyS7x+/0tlzaqwPQCULLanv3DMIlu96KTJR0fM5isWX2UViOqlGnX6YFgqWepcX+XMNg=="
    },
    "@scure/base@1.2.1": {
      "integrity": "sha512-DGmGtC8Tt63J5GfHgfl5CuAXh96VF/LD8K9Hr/Gv0J2lAoRGlPOMpqMpMbCTOoOJMZCk2Xt+DskdDyn6dEFdzQ=="
    },
    "@scure/base@1.2.6": {
      "integrity": "sha512-g/nm5FgUa//MCj1gV09zTJTaM6KBAHqLN907YVQqf7zC49+DcO4B1so4ZX07Ef10Twr6nuqYEH9GEggFXA4Fmg=="
    },
    "@scure/bip39@1.6.0": {
      "integrity": "sha512-+lF0BbLiJNwVlev4eKelw1WWLaiKXw7sSl8T6FvBlWkdX+94aGJ4o8XjUdlyhTCjd8c+B3KT3JfS8P0bLRNU6A==",
      "dependencies": [
        "@noble/hashes",
        "@scure/base@1.2.6"
      ]
    },
    "@tiptap/core@2.25.0_@tiptap+pm@2.25.0__prosemirror-model@1.25.1__prosemirror-state@1.4.3__prosemirror-view@1.40.0": {
      "integrity": "sha512-pTLV0+g+SBL49/Y5A9ii7oHwlzIzpgroJVI3AcBk7/SeR7554ZzjxxtJmZkQ9/NxJO+k1jQp9grXaqqOLqC7cA==",
      "dependencies": [
        "@tiptap/pm"
      ]
    },
    "@tiptap/pm@2.25.0_prosemirror-model@1.25.1_prosemirror-state@1.4.3_prosemirror-view@1.40.0": {
      "integrity": "sha512-vuzU0pLGQyHqtikAssHn9V61aXLSQERQtn3MUtaJ36fScQg7RClAK5gnIbBt3Ul3VFof8o4xYmcidARc0X/E5A==",
      "dependencies": [
        "prosemirror-changeset@2.3.1",
        "prosemirror-collab",
        "prosemirror-commands",
        "prosemirror-dropcursor",
        "prosemirror-gapcursor",
        "prosemirror-history",
        "prosemirror-inputrules",
        "prosemirror-keymap",
        "prosemirror-markdown",
        "prosemirror-menu",
        "prosemirror-model",
        "prosemirror-schema-basic",
        "prosemirror-schema-list",
        "prosemirror-state",
        "prosemirror-tables",
        "prosemirror-trailing-node",
        "prosemirror-transform",
        "prosemirror-view"
      ]
    },
    "@types/image-blob-reduce@4.1.4": {
      "integrity": "sha512-IMG+KVL7iy/g05zaJQFqc+Y0l+SlBVVW3GVKLM+ZkBtENoJSZ5nqIgtSZcs04QJvF+ticYJn9n3ZG427wg7Yhg==",
      "dependencies": [
        "@types/pica"
      ]
    },
    "@types/linkify-it@5.0.0": {
      "integrity": "sha512-sVDA58zAw4eWAffKOaQH5/5j3XeayukzDk+ewSsnv3p4yJEZHCCzMDiZM8e0OUrRvmpGZ85jf4yDHkHsgBNr9Q=="
    },
    "@types/markdown-it@14.1.2": {
      "integrity": "sha512-promo4eFwuiW+TfGxhi+0x3czqTYJkG8qB17ZUJiVF10Xm7NLVRSLUsfRTU/6h1e24VvRnXCx+hG7li58lkzog==",
      "dependencies": [
        "@types/linkify-it",
        "@types/mdurl"
      ]
    },
    "@types/mdurl@2.0.0": {
      "integrity": "sha512-RGdgjQUZba5p6QEFAVx2OGb8rQDL/cPRG7GiedRzMcJ1tYnUANBncjbSB1NRGwbvjcPeikRABz2nshyPk1bhWg=="
    },
    "@types/pica@9.0.5": {
      "integrity": "sha512-OSd4905yxFNtRanHuyyQAfC9AkxiYcbhlzP606Gl6rFcYRgq4vdLCZuYKokLQBihgrkNzyPkoeykvJDWcPjaCw=="
    },
    "@types/prosemirror-model@1.17.0": {
      "integrity": "sha512-lG5xEMkE8r8Soa80KdWPTbCLUaSHBHVHpTIEsQiebfONpvmS5061IMGzHUdb1oWjgrwh8EJq0GgMNwXHUx5mVg==",
      "dependencies": [
        "prosemirror-model"
      ],
      "deprecated": true
    },
    "@types/prosemirror-schema-basic@1.2.0": {
      "integrity": "sha512-WrQLRv3Ss48e2XBnocoZNMLw3xZwiW2cSjPvrZ/Ui6PicAMsabkb6EKTdLU0B52LuQjShNPtq0tFejrbLOMbpQ==",
      "dependencies": [
        "prosemirror-schema-basic"
      ],
      "deprecated": true
    },
    "@types/prosemirror-schema-list@1.2.0": {
      "integrity": "sha512-njvba73mgBanQOt2/piYMeP+nsu8lzomA350Lh7/sdr6NPsRvYPggwJDIZEG0Cb/MB0fnv4PdRaTi93PoLHArw==",
      "dependencies": [
        "prosemirror-schema-list"
      ],
      "deprecated": true
    },
    "@types/prosemirror-state@1.4.0": {
      "integrity": "sha512-71epLy1HD2H7Qn6iOoQrFdbdFP32Cg5U7OvlCXMuYO8ygUdz07dfqA1lNj1y+KLf3HkRCXVkfvi3OnNa/tFZ3A==",
      "dependencies": [
        "prosemirror-state"
      ],
      "deprecated": true
    },
    "@types/prosemirror-transform@1.5.0": {
      "integrity": "sha512-++krMS5bt3SxNOqjrftispPLRkvfXXw2BtVq4VPJ8Vpf+Sne1MhxVoj0EFCM+14MFlX0EHYQvX3k9AaQzob9ZQ==",
      "dependencies": [
        "prosemirror-transform"
      ],
      "deprecated": true
    },
    "argparse@2.0.1": {
      "integrity": "sha512-8+9WqebbFzpX9OR+Wa6O29asIogeRMzcGtAINdpMHHyAg10f05aSFVBbcEqGf/PXw1EjAZ+q2/bEBg3DvurK3Q=="
    },
    "cbor-extract@2.2.0": {
      "integrity": "sha512-Ig1zM66BjLfTXpNgKpvBePq271BPOvu8MR0Jl080yG7Jsl+wAZunfrwiwA+9ruzm/WEdIV5QF/bjDZTqyAIVHA==",
      "dependencies": [
        "node-gyp-build-optional-packages"
      ],
      "optionalDependencies": [
        "@cbor-extract/cbor-extract-darwin-arm64",
        "@cbor-extract/cbor-extract-darwin-x64",
        "@cbor-extract/cbor-extract-linux-arm",
        "@cbor-extract/cbor-extract-linux-arm64",
        "@cbor-extract/cbor-extract-linux-x64",
        "@cbor-extract/cbor-extract-win32-x64"
      ],
      "scripts": true,
      "bin": true
    },
    "clsx@2.1.1": {
      "integrity": "sha512-eYm0QWBtUrBWZWG0d386OGAw16Z995PiOVo2B7bjWSbHedGl5e0ZWaq65kOGgUSNesEIDkB9ISbTg/JK9dhCZA=="
    },
    "cojson-storage-indexeddb@0.15.8": {
      "integrity": "sha512-oUZl6xeUDvHY4il2opdWHDH6JwfJmgg8apby11UbO/z69h3GjYftsjzlQQp62F5j3bZX8HpM+gmZr/v/Vb6L9Q==",
      "dependencies": [
        "cojson@0.15.8",
        "cojson-storage"
      ]
    },
    "cojson-storage@0.15.8": {
      "integrity": "sha512-LBGD8w9pGMuL7gNA3ePFEC8IR6FdwXwodUPiHn4UHfImANt/C81dC+ZJio0cKtBjva9g2uRRwisKx8fcxPD0hQ==",
      "dependencies": [
        "cojson@0.15.8"
      ]
    },
    "cojson-transport-ws@0.15.8": {
      "integrity": "sha512-3mRpzfiR0tI0yLdUFfu84AZ/NOW4Xzqui1QKmjrNw1XPvCfKs9ZRSDYY7ck2Ut/VLpEQ5SLFs06eo0/26XqEdQ==",
      "dependencies": [
        "cojson@0.15.8"
      ]
    },
    "cojson@0.14.22": {
      "integrity": "sha512-0ckwXRzSLPckUtbBz5PiVvo03azyNFCl93IzQ7y7WlRFV504OJNoNisNTrQhjwtFh2Ktn2QNY4MjJzVxHFCy5g==",
      "dependencies": [
        "@noble/ciphers",
        "@noble/curves",
        "@noble/hashes",
        "@opentelemetry/api",
        "@scure/base@1.2.1",
        "jazz-crypto-rs",
        "neverthrow",
        "queueueue",
        "unicode-segmenter"
      ]
    },
    "cojson@0.15.8": {
      "integrity": "sha512-XDPUQJrusgjggqrfbMUwOFZa2XW1gi3xElsrzvyIIAXYvd8q0tYBoTYPa5gb7lw/a1sTg3E3qKPSAB59WApfiA==",
      "dependencies": [
        "@noble/ciphers",
        "@noble/curves",
        "@noble/hashes",
        "@opentelemetry/api",
        "@scure/base@1.2.1",
        "jazz-crypto-rs",
        "neverthrow",
        "queueueue",
        "unicode-segmenter"
      ]
    },
    "crelt@1.0.6": {
      "integrity": "sha512-VQ2MBenTq1fWZUH9DJNGti7kKv6EeAuYr3cLwxUWhIu1baTaXh4Ib5W2CqHVqib4/MqbYGJqiL3Zb8GJZr3l4g=="
    },
    "csstype@3.1.3": {
      "integrity": "sha512-M1uQkMl8rQK/szD0LNhtqxIPLpimGm8sOBwU7lLnCpSbTyY3yeU1Vc7l4KT5zT4s/yOxHH5O7tIuuLOCnLADRw=="
    },
    "detect-libc@2.0.3": {
      "integrity": "sha512-bwy0MGW55bG41VqxxypOsdSdGqLwXPI/focwgTYCFMbdUiBAxLg9CFzG08sz2aqzknwiX7Hkl0bQENjg8iLByw=="
    },
    "diff@3.5.0": {
      "integrity": "sha512-A46qtFgd+g7pDZinpnwiRJtxbC1hpgf0uzP3iG89scHk0AUC7A1TGxf5OiiOUv/JMZR8GOt8hL900hV0bOy5xA=="
    },
    "entities@4.5.0": {
      "integrity": "sha512-V0hjH4dGPh9Ao5p0MoRY6BVqtwCjhz6vI5LT8AJ55H+4g9/4vbHx1I54fS0XuclLhDHArPQCiMjDxjaL8fPxhw=="
    },
    "escape-string-regexp@4.0.0": {
      "integrity": "sha512-TtpcNJ3XAzx3Gq8sWRzJaVajRs0uVxA2YAkdb1jm2YkPz4G6egUFAyA3n5vtEIZefPk5Wa4UXbKuS5fKkJWdgA=="
    },
    "fast-list@1.0.3": {
      "integrity": "sha512-Lm56Ci3EqefHNdIneRFuzhpPcpVVBz9fgqVmG3UQIxAefJv1mEYsZ1WQLTWqmdqeGEwbI2t6fbZgp9TqTYARuA=="
    },
    "fast-myers-diff@3.2.0": {
      "integrity": "sha512-DxNm4a3gnV35AluvqjeAV3Zx3CAySs0tsaDjnex5JhnJAa2rxEUVCwmaL2gpz42ea1B+IJorlo7XLThXUaTQog=="
    },
    "glur@1.1.2": {
      "integrity": "sha512-l+8esYHTKOx2G/Aao4lEQ0bnHWg4fWtJbVoZZT9Knxi01pB8C80BR85nONLFwkkQoFRCmXY+BUcGZN3yZ2QsRA=="
    },
    "goober@2.1.16_csstype@3.1.3": {
      "integrity": "sha512-erjk19y1U33+XAMe1VTvIONHYoSqE4iS7BYUZfHaqeohLmnC0FdxEh7rQU+6MZ4OajItzjZFSRtVANrQwNq6/g==",
      "dependencies": [
        "csstype"
      ]
    },
    "image-blob-reduce@4.1.0": {
      "integrity": "sha512-iljleP8Fr7tS1ezrAazWi30abNPYXtBGXb9R9oTZDWObqiKq18AQJGTUb0wkBOtdCZ36/IirkuuAIIHTjBJIjA==",
      "dependencies": [
        "pica"
      ]
    },
    "itty-router@5.0.18": {
      "integrity": "sha512-mK3ReOt4ARAGy0V0J7uHmArG2USN2x0zprZ+u+YgmeRjXTDbaowDy3kPcsmQY6tH+uHhDgpWit9Vqmv/4rTXwA=="
    },
    "jazz-crypto-rs@0.0.7": {
      "integrity": "sha512-Pzs8Zu1zgKVURkBVvqqF1B2r78FaSZdwPbmeCWx0Nb3nibzPuB/kSKEO7LJsKnb3P5HO0v+lTIJ53mGC5H1urQ=="
    },
    "jazz-tools@0.15.8": {
      "integrity": "sha512-iOR/Qn21F0CC4Bckhi/XtoEvsOeZdjGVqqQAqyNhu6LzxPnEQGF49EmhXB6LXtTVcOlZmPgPskj3OCm+VlrjDg==",
      "dependencies": [
        "@manuscripts/prosemirror-recreate-steps",
        "@scure/base@1.2.1",
        "@scure/bip39",
        "@tiptap/core",
        "@types/image-blob-reduce",
        "clsx",
        "cojson@0.15.8",
        "cojson-storage",
        "cojson-storage-indexeddb",
        "cojson-transport-ws",
        "fast-myers-diff",
        "goober",
        "image-blob-reduce",
        "pica",
        "prosemirror-example-setup",
        "prosemirror-menu",
        "prosemirror-model",
        "prosemirror-schema-basic",
        "prosemirror-state",
        "prosemirror-transform",
        "zod"
      ]
    },
    "linkify-it@5.0.0": {
      "integrity": "sha512-5aHCbzQRADcdP+ATqnDuhhJ/MRIqDkZX5pyjFHRRysS8vZ5AbqGEoFIb6pYHPZ+L/OC2Lc+xT8uHVVR5CAK/wQ==",
      "dependencies": [
        "uc.micro"
      ]
    },
    "markdown-it@14.1.0": {
      "integrity": "sha512-a54IwgWPaeBCAAsv13YgmALOF1elABB08FxO9i+r4VFk5Vl4pKokRPeX8u5TCgSsPi6ec1otfLjdOpVcgbpshg==",
      "dependencies": [
        "argparse",
        "entities",
        "linkify-it",
        "mdurl",
        "punycode.js",
        "uc.micro"
      ],
      "bin": true
    },
    "mdurl@2.0.0": {
      "integrity": "sha512-Lf+9+2r+Tdp5wXDXC4PcIBjTDtq4UKjCPMQhKIuzpJNW0b96kVqSwW0bT7FhRSfmAiFYgP+SCRvdrDozfh0U5w=="
    },
    "multimath@2.0.0": {
      "integrity": "sha512-toRx66cAMJ+Ccz7pMIg38xSIrtnbozk0dchXezwQDMgQmbGpfxjtv68H+L00iFL8hxDaVjrmwAFSb3I6bg8Q2g==",
      "dependencies": [
        "glur",
        "object-assign"
      ]
    },
    "neverthrow@7.2.0": {
      "integrity": "sha512-iGBUfFB7yPczHHtA8dksKTJ9E8TESNTAx1UQWW6TzMF280vo9jdPYpLUXrMN1BCkPdHFdNG3fxOt2CUad8KhAw=="
    },
    "node-gyp-build-optional-packages@5.1.1": {
      "integrity": "sha512-+P72GAjVAbTxjjwUmwjVrqrdZROD4nf8KgpBoDxqXXTiYZZt/ud60dE5yvCSr9lRO8e8yv6kgJIC0K0PfZFVQw==",
      "dependencies": [
        "detect-libc"
      ],
      "bin": true
    },
    "object-assign@4.1.1": {
      "integrity": "sha512-rJgTQnkUnH1sFw8yT6VSU3zD3sWmu6sZhIseY8VX+GRu3P6F7Fu+JNDoXfklElbLJSnc3FUQHVe4cU5hj+BcUg=="
    },
    "orderedmap@2.1.1": {
      "integrity": "sha512-TvAWxi0nDe1j/rtMcWcIj94+Ffe6n7zhow33h40SKxmsmozs6dz/e+EajymfoFcHd7sxNn8yHM8839uixMOV6g=="
    },
    "pica@9.0.1": {
      "integrity": "sha512-v0U4vY6Z3ztz9b4jBIhCD3WYoecGXCQeCsYep+sXRefViL+mVVoTL+wqzdPeE+GpBFsRUtQZb6dltvAt2UkMtQ==",
      "dependencies": [
        "glur",
        "multimath",
        "object-assign",
        "webworkify"
      ]
    },
    "prosemirror-changeset@1.2.1": {
      "integrity": "sha512-qqwG1z8z+KkM3PZWmANYhqvoZdstFmzfkr7FPJ6suBwKs/UvZbvnRvDBvJC5eDbXbE7MhIGO+LY1Dq29zBAbIw==",
      "dependencies": [
        "prosemirror-transform"
      ]
    },
    "prosemirror-changeset@2.3.1": {
      "integrity": "sha512-j0kORIBm8ayJNl3zQvD1TTPHJX3g042et6y/KQhZhnPrruO8exkTgG8X+NRpj7kIyMMEx74Xb3DyMIBtO0IKkQ==",
      "dependencies": [
        "prosemirror-transform"
      ]
    },
    "prosemirror-collab@1.3.1": {
      "integrity": "sha512-4SnynYR9TTYaQVXd/ieUvsVV4PDMBzrq2xPUWutHivDuOshZXqQ5rGbZM84HEaXKbLdItse7weMGOUdDVcLKEQ==",
      "dependencies": [
        "prosemirror-state"
      ]
    },
    "prosemirror-commands@1.7.1": {
      "integrity": "sha512-rT7qZnQtx5c0/y/KlYaGvtG411S97UaL6gdp6RIZ23DLHanMYLyfGBV5DtSnZdthQql7W+lEVbpSfwtO8T+L2w==",
      "dependencies": [
        "prosemirror-model",
        "prosemirror-state",
        "prosemirror-transform"
      ]
    },
    "prosemirror-dropcursor@1.8.2": {
      "integrity": "sha512-CCk6Gyx9+Tt2sbYk5NK0nB1ukHi2ryaRgadV/LvyNuO3ena1payM2z6Cg0vO1ebK8cxbzo41ku2DE5Axj1Zuiw==",
      "dependencies": [
        "prosemirror-state",
        "prosemirror-transform",
        "prosemirror-view"
      ]
    },
    "prosemirror-example-setup@1.2.3": {
      "integrity": "sha512-+hXZi8+xbFvYM465zZH3rdZ9w7EguVKmUYwYLZjIJIjPK+I0nPTwn8j0ByW2avchVczRwZmOJGNvehblyIerSQ==",
      "dependencies": [
        "prosemirror-commands",
        "prosemirror-dropcursor",
        "prosemirror-gapcursor",
        "prosemirror-history",
        "prosemirror-inputrules",
        "prosemirror-keymap",
        "prosemirror-menu",
        "prosemirror-schema-list",
        "prosemirror-state"
      ]
    },
    "prosemirror-gapcursor@1.3.2": {
      "integrity": "sha512-wtjswVBd2vaQRrnYZaBCbyDqr232Ed4p2QPtRIUK5FuqHYKGWkEwl08oQM4Tw7DOR0FsasARV5uJFvMZWxdNxQ==",
      "dependencies": [
        "prosemirror-keymap",
        "prosemirror-model",
        "prosemirror-state",
        "prosemirror-view"
      ]
    },
    "prosemirror-history@1.4.1": {
      "integrity": "sha512-2JZD8z2JviJrboD9cPuX/Sv/1ChFng+xh2tChQ2X4bB2HeK+rra/bmJ3xGntCcjhOqIzSDG6Id7e8RJ9QPXLEQ==",
      "dependencies": [
        "prosemirror-state",
        "prosemirror-transform",
        "prosemirror-view",
        "rope-sequence"
      ]
    },
    "prosemirror-inputrules@1.5.0": {
      "integrity": "sha512-K0xJRCmt+uSw7xesnHmcn72yBGTbY45vm8gXI4LZXbx2Z0jwh5aF9xrGQgrVPu0WbyFVFF3E/o9VhJYz6SQWnA==",
      "dependencies": [
        "prosemirror-state",
        "prosemirror-transform"
      ]
    },
    "prosemirror-keymap@1.2.3": {
      "integrity": "sha512-4HucRlpiLd1IPQQXNqeo81BGtkY8Ai5smHhKW9jjPKRc2wQIxksg7Hl1tTI2IfT2B/LgX6bfYvXxEpJl7aKYKw==",
      "dependencies": [
        "prosemirror-state",
        "w3c-keyname"
      ]
    },
    "prosemirror-markdown@1.13.2": {
      "integrity": "sha512-FPD9rHPdA9fqzNmIIDhhnYQ6WgNoSWX9StUZ8LEKapaXU9i6XgykaHKhp6XMyXlOWetmaFgGDS/nu/w9/vUc5g==",
      "dependencies": [
        "@types/markdown-it",
        "markdown-it",
        "prosemirror-model"
      ]
    },
    "prosemirror-menu@1.2.5": {
      "integrity": "sha512-qwXzynnpBIeg1D7BAtjOusR+81xCp53j7iWu/IargiRZqRjGIlQuu1f3jFi+ehrHhWMLoyOQTSRx/IWZJqOYtQ==",
      "dependencies": [
        "crelt",
        "prosemirror-commands",
        "prosemirror-history",
        "prosemirror-state"
      ]
    },
    "prosemirror-model@1.25.1": {
      "integrity": "sha512-AUvbm7qqmpZa5d9fPKMvH1Q5bqYQvAZWOGRvxsB6iFLyycvC9MwNemNVjHVrWgjaoxAfY8XVg7DbvQ/qxvI9Eg==",
      "dependencies": [
        "orderedmap"
      ]
    },
    "prosemirror-schema-basic@1.2.4": {
      "integrity": "sha512-ELxP4TlX3yr2v5rM7Sb70SqStq5NvI15c0j9j/gjsrO5vaw+fnnpovCLEGIcpeGfifkuqJwl4fon6b+KdrODYQ==",
      "dependencies": [
        "prosemirror-model"
      ]
    },
    "prosemirror-schema-list@1.5.1": {
      "integrity": "sha512-927lFx/uwyQaGwJxLWCZRkjXG0p48KpMj6ueoYiu4JX05GGuGcgzAy62dfiV8eFZftgyBUvLx76RsMe20fJl+Q==",
      "dependencies": [
        "prosemirror-model",
        "prosemirror-state",
        "prosemirror-transform"
      ]
    },
    "prosemirror-state@1.4.3": {
      "integrity": "sha512-goFKORVbvPuAQaXhpbemJFRKJ2aixr+AZMGiquiqKxaucC6hlpHNZHWgz5R7dS4roHiwq9vDctE//CZ++o0W1Q==",
      "dependencies": [
        "prosemirror-model",
        "prosemirror-transform",
        "prosemirror-view"
      ]
    },
    "prosemirror-tables@1.7.1": {
      "integrity": "sha512-eRQ97Bf+i9Eby99QbyAiyov43iOKgWa7QCGly+lrDt7efZ1v8NWolhXiB43hSDGIXT1UXgbs4KJN3a06FGpr1Q==",
      "dependencies": [
        "prosemirror-keymap",
        "prosemirror-model",
        "prosemirror-state",
        "prosemirror-transform",
        "prosemirror-view"
      ]
    },
    "prosemirror-trailing-node@3.0.0_prosemirror-model@1.25.1_prosemirror-state@1.4.3_prosemirror-view@1.40.0": {
      "integrity": "sha512-xiun5/3q0w5eRnGYfNlW1uU9W6x5MoFKWwq/0TIRgt09lv7Hcser2QYV8t4muXbEr+Fwo0geYn79Xs4GKywrRQ==",
      "dependencies": [
        "@remirror/core-constants",
        "escape-string-regexp",
        "prosemirror-model",
        "prosemirror-state",
        "prosemirror-view"
      ]
    },
    "prosemirror-transform@1.10.4": {
      "integrity": "sha512-pwDy22nAnGqNR1feOQKHxoFkkUtepoFAd3r2hbEDsnf4wp57kKA36hXsB3njA9FtONBEwSDnDeCiJe+ItD+ykw==",
      "dependencies": [
        "prosemirror-model"
      ]
    },
    "prosemirror-view@1.40.0": {
      "integrity": "sha512-2G3svX0Cr1sJjkD/DYWSe3cfV5VPVTBOxI9XQEGWJDFEpsZb/gh4MV29ctv+OJx2RFX4BLt09i+6zaGM/ldkCw==",
      "dependencies": [
        "prosemirror-model",
        "prosemirror-state",
        "prosemirror-transform"
      ]
    },
    "punycode.js@2.3.1": {
      "integrity": "sha512-uxFIHU0YlHYhDQtV4R9J6a52SLx28BCjT+4ieh7IGbgwVJWO+km431c4yRlREUAsAmt/uMjQUyQHNEPf0M39CA=="
    },
    "queueueue@4.1.2": {
      "integrity": "sha512-YNOihQyk72FRrGQP+fVjUDVCSgxtHS5EdfgXjCYwPCTyhVWXriHfUt0XK0eT7vcBX0m91g0e0KVO8CxoNLh60g==",
      "dependencies": [
        "fast-list"
      ]
    },
    "rfc6902@3.1.1": {
      "integrity": "sha512-aHiEm2S4mQSyyIaK7NVotfmVkgOOn1K9iuuSCIKJ8eIAte/8o06Vp06Z2NcLrmMahDmA+2F6oHx33P4NOQ1JnQ=="
    },
    "rope-sequence@1.3.4": {
      "integrity": "sha512-UT5EDe2cu2E/6O4igUr5PSFs23nvvukicWHx6GnOPlHAiiYbzNuCRQCuiUdHJQcqKalLKlrYJnjY0ySGsXNQXQ=="
    },
    "uc.micro@2.1.0": {
      "integrity": "sha512-ARDJmphmdvUk6Glw7y9DQ2bFkKBHwQHLi2lsaH6PPmz/Ka9sFOBsBluozhDltWmnv9u/cF6Rt87znRTPV+yp/A=="
    },
    "undici@7.11.0": {
      "integrity": "sha512-heTSIac3iLhsmZhUCjyS3JQEkZELateufzZuBaVM5RHXdSBMb1LPMQf5x+FH7qjsZYDP0ttAc3nnVpUB+wYbOg=="
    },
    "unicode-segmenter@0.12.0": {
      "integrity": "sha512-PK6M1A1tt3ky6cFAJW/JOO9ml/sbEvim+SL75FM8slck08ACbF0TZj+tdUd3Mh8Tk5XieqUDPwmLjiyRQvb4pw=="
    },
    "w3c-keyname@2.2.8": {
      "integrity": "sha512-dpojBhNsCNN7T82Tm7k26A6G9ML3NkhDsnw9n/eoxSRlVBB4CEtIQ/KTCLI2Fwf3ataSXRhYFkQi3SlnFwPvPQ=="
    },
    "webworkify@1.5.0": {
      "integrity": "sha512-AMcUeyXAhbACL8S2hqqdqOLqvJ8ylmIbNwUIqQujRSouf4+eUFaXbG6F1Rbu+srlJMmxQWsiU7mOJi0nMBfM1g=="
    },
    "zod@3.25.28": {
      "integrity": "sha512-/nt/67WYKnr5by3YS7LroZJbtcCBurDKKPBPWWzaxvVCGuG/NOsiKkrjoOhI8mJ+SQUXEbUzeB3S+6XDUEEj7Q=="
    }
  },
  "workspace": {
    "dependencies": [
      "npm:cojson@~0.14.22",
      "npm:itty-router@^5.0.18",
      "npm:jazz-tools@0.15",
      "npm:undici@^7.11.0"
    ]
  }
}
